
Microsoft Visual Studio Solution File, Format Version 12.00
# Visual Studio Version 17
VisualStudioVersion = 17.13.35617.110
MinimumVisualStudioVersion = 10.0.40219.1
Project("{FAE04EC0-301F-11D3-BF4B-00C04F79EFBC}") = "web", "web\web.csproj", "{C433D765-A5EB-4C64-8844-E10C0B92FB9F}"
EndProject
Project("{FAE04EC0-301F-11D3-BF4B-00C04F79EFBC}") = "Domain", "Domain\Domain.csproj", "{9346A9C7-8E72-4433-8C94-9759073EF0DB}"
EndProject
Project("{FAE04EC0-301F-11D3-BF4B-00C04F79EFBC}") = "Infrastructure", "Infrastructure\Infrastructure.csproj", "{1522CDAD-2EF3-4F3B-8796-A0BBBC49E5C9}"
EndProject
Project("{FAE04EC0-301F-11D3-BF4B-00C04F79EFBC}") = "Application", "Application\Application.csproj", "{01FB4E8D-608D-4547-8927-E09E98128492}"
EndProject
Global
	GlobalSection(SolutionConfigurationPlatforms) = preSolution
		Debug|Any CPU = Debug|Any CPU
		Release|Any CPU = Release|Any CPU
	EndGlobalSection
	GlobalSection(ProjectConfigurationPlatforms) = postSolution
		{C433D765-A5EB-4C64-8844-E10C0B92FB9F}.Debug|Any CPU.ActiveCfg = Debug|Any CPU
		{C433D765-A5EB-4C64-8844-E10C0B92FB9F}.Debug|Any CPU.Build.0 = Debug|Any CPU
		{C433D765-A5EB-4C64-8844-E10C0B92FB9F}.Release|Any CPU.ActiveCfg = Release|Any CPU
		{C433D765-A5EB-4C64-8844-E10C0B92FB9F}.Release|Any CPU.Build.0 = Release|Any CPU
		{9346A9C7-8E72-4433-8C94-9759073EF0DB}.Debug|Any CPU.ActiveCfg = Debug|Any CPU
		{9346A9C7-8E72-4433-8C94-9759073EF0DB}.Debug|Any CPU.Build.0 = Debug|Any CPU
		{9346A9C7-8E72-4433-8C94-9759073EF0DB}.Release|Any CPU.ActiveCfg = Release|Any CPU
		{9346A9C7-8E72-4433-8C94-9759073EF0DB}.Release|Any CPU.Build.0 = Release|Any CPU
		{1522CDAD-2EF3-4F3B-8796-A0BBBC49E5C9}.Debug|Any CPU.ActiveCfg = Debug|Any CPU
		{1522CDAD-2EF3-4F3B-8796-A0BBBC49E5C9}.Debug|Any CPU.Build.0 = Debug|Any CPU
		{1522CDAD-2EF3-4F3B-8796-A0BBBC49E5C9}.Release|Any CPU.ActiveCfg = Release|Any CPU
		{1522CDAD-2EF3-4F3B-8796-A0BBBC49E5C9}.Release|Any CPU.Build.0 = Release|Any CPU
		{01FB4E8D-608D-4547-8927-E09E98128492}.Debug|Any CPU.ActiveCfg = Debug|Any CPU
		{01FB4E8D-608D-4547-8927-E09E98128492}.Debug|Any CPU.Build.0 = Debug|Any CPU
		{01FB4E8D-608D-4547-8927-E09E98128492}.Release|Any CPU.ActiveCfg = Release|Any CPU
		{01FB4E8D-608D-4547-8927-E09E98128492}.Release|Any CPU.Build.0 = Release|Any CPU
	EndGlobalSection
	GlobalSection(SolutionProperties) = preSolution
		HideSolutionNode = FALSE
	EndGlobalSection
	GlobalSection(ExtensibilityGlobals) = postSolution
		SolutionGuid = {9A6F7DCA-5F70-4D19-B42B-FCCDA77D7D2F}
	EndGlobalSection
EndGlobal
